{
    "_readme": [
        "This file locks the dependencies of your project to a known state",
        "Read more about it at https://getcomposer.org/doc/01-basic-usage.md#installing-dependencies",
        "This file is @generated automatically"
    ],
    "content-hash": "a216f54e2c7b9864f72e48022576a019",
    "packages": [
        {
            "name": "gabordemooij/redbean",
            "version": "v5.4",
            "source": {
                "type": "git",
                "url": "https://github.com/gabordemooij/redbean.git",
                "reference": "931e4fa3d957a29fa2f67c543255f9fc1603fe0e"
            },
            "dist": {
                "type": "zip",
                "url": "https://api.github.com/repos/gabordemooij/redbean/zipball/931e4fa3d957a29fa2f67c543255f9fc1603fe0e",
                "reference": "931e4fa3d957a29fa2f67c543255f9fc1603fe0e",
                "shasum": ""
            },
            "require": {
                "php": ">=5.3.4"
            },
            "type": "library",
            "autoload": {
                "psr-4": {
                    "RedBeanPHP\\": "RedBeanPHP"
                }
            },
            "notification-url": "https://packagist.org/downloads/",
            "license": [
                "BSD-3-Clause"
            ],
            "authors": [
                {
                    "name": "Gabor de Mooij",
                    "email": "gabor@redbeanphp.com",
                    "homepage": "https://redbeanphp.com"
                }
            ],
            "description": "RedBeanPHP ORM",
            "homepage": "https://redbeanphp.com/",
            "keywords": [
                "orm"
            ],
            "time": "2019-09-24T20:36:43+00:00"
        },
        {
            "name": "leocavalcante/siler",
            "version": "v1.5.0",
            "source": {
                "type": "git",
                "url": "https://github.com/leocavalcante/siler.git",
                "reference": "ffb3caa3846af539fee72d9868ecb8a2096fd89a"
            },
            "dist": {
                "type": "zip",
                "url": "https://api.github.com/repos/leocavalcante/siler/zipball/ffb3caa3846af539fee72d9868ecb8a2096fd89a",
                "reference": "ffb3caa3846af539fee72d9868ecb8a2096fd89a",
                "shasum": ""
            },
            "require": {
                "ext-json": "*",
                "php": ">=7.2"
            },
            "require-dev": {
                "cboden/ratchet": "^0.4",
                "cocur/slugify": "^3.2",
                "ext-mongodb": "^1.5",
                "gabordemooij/redbean": "^5.2",
                "lcobucci/jwt": "^3.2",
                "mongodb/mongodb": "^1.4",
                "monolog/monolog": "^1.24",
                "phan/phan": "^1.2",
                "phpunit/phpunit": "^8.0",
                "ratchet/pawl": "^0.3",
                "react/http": "^0.8",
                "squizlabs/php_codesniffer": "^3.4",
                "swiftmailer/swiftmailer": "^6.1",
                "twig/twig": "^2.6",
                "vlucas/phpdotenv": "^3.3",
                "webonyx/graphql-php": "^0.13",
                "zendframework/zend-diactoros": "^2.1",
                "zendframework/zend-httphandlerrunner": "^1.1",
                "zendframework/zend-stratigility": "^3.1"
            },
            "suggest": {
                "vlucas/phpdotenv": "Storing configuration in the environment is one of the tenets of a twelve-factor app."
            },
            "type": "library",
            "autoload": {
                "psr-4": {
                    "Siler\\": "src/"
                },
                "files": [
                    "src/Container/Container.php",
                    "src/Db/Db.php",
                    "src/Db/Mongo.php",
                    "src/Diactoros/Diactoros.php",
                    "src/Dotenv/Dotenv.php",
                    "src/Functional/Functional.php",
                    "src/Functional/Monad/Monad.php",
                    "src/GraphQL/GraphQL.php",
                    "src/Http/Http.php",
                    "src/Http/Request.php",
                    "src/Http/Response.php",
                    "src/HttpHandlerRunner/HttpHandlerRunner.php",
                    "src/Jwt/Jwt.php",
                    "src/Mail/SwiftMailer.php",
                    "src/Monolog/Monolog.php",
                    "src/Prelude/Str.php",
                    "src/Prelude/Tuple.php",
                    "src/Ratchet/Ratchet.php",
                    "src/Route/Route.php",
                    "src/Stratigility/Stratigility.php",
                    "src/Swoole/Swoole.php",
                    "src/Twig/Twig.php",
                    "src/Siler.php"
                ]
            },
            "notification-url": "https://packagist.org/downloads/",
            "license": [
                "MIT"
            ],
            "authors": [
                {
                    "name": "leocavalcante",
                    "email": "lc@leocavalcante.com"
                }
            ],
            "description": "Siler is a set of general purpose high-level abstractions aiming an API for declarative programming in PHP.",
            "keywords": [
                "api",
                "framework",
                "functional",
                "micro",
                "router"
            ],
            "time": "2019-02-23T17:00:11+00:00"
        },
        {
            "name": "miladrahimi/phprouter",
            "version": "v4.0.2",
            "source": {
                "type": "git",
                "url": "https://github.com/miladrahimi/phprouter.git",
                "reference": "1fbd20600f127f7218507b4c2ab25be5a3bac622"
            },
            "dist": {
                "type": "zip",
                "url": "https://api.github.com/repos/miladrahimi/phprouter/zipball/1fbd20600f127f7218507b4c2ab25be5a3bac622",
                "reference": "1fbd20600f127f7218507b4c2ab25be5a3bac622",
                "shasum": ""
            },
            "require": {
                "ext-json": "*",
                "ext-mbstring": "*",
                "php": ">=7.1",
                "zendframework/zend-diactoros": "^2.1"
            },
            "require-dev": {
                "phpunit/phpunit": "^7"
            },
            "type": "library",
            "autoload": {
                "psr-4": {
                    "MiladRahimi\\PhpRouter\\": "src/",
                    "MiladRahimi\\PhpRouter\\Tests\\": "tests/"
                }
            },
            "notification-url": "https://packagist.org/downloads/",
            "license": [
                "MIT"
            ],
            "authors": [
                {
                    "name": "Milad Rahimi",
                    "email": "info@miladrahimi.com",
                    "homepage": "https://miladrahimi.com",
                    "role": "Developer"
                }
            ],
            "description": "PhpRouter is a powerful and standalone HTTP URL router for PHP projects.",
            "homepage": "https://github.com/miladrahimi/phprouter",
            "keywords": [
                "HTTP Router",
                "URL Router",
                "http",
                "route",
                "router",
                "routing",
                "url"
            ],
            "time": "2019-10-15T17:44:35+00:00"
        },
        {
            "name": "phpoption/phpoption",
            "version": "1.5.0",
            "source": {
                "type": "git",
                "url": "https://github.com/schmittjoh/php-option.git",
                "reference": "94e644f7d2051a5f0fcf77d81605f152eecff0ed"
            },
            "dist": {
                "type": "zip",
                "url": "https://api.github.com/repos/schmittjoh/php-option/zipball/94e644f7d2051a5f0fcf77d81605f152eecff0ed",
                "reference": "94e644f7d2051a5f0fcf77d81605f152eecff0ed",
                "shasum": ""
            },
            "require": {
                "php": ">=5.3.0"
            },
            "require-dev": {
                "phpunit/phpunit": "4.7.*"
            },
            "type": "library",
            "extra": {
                "branch-alias": {
                    "dev-master": "1.3-dev"
                }
            },
            "autoload": {
                "psr-0": {
                    "PhpOption\\": "src/"
                }
            },
            "notification-url": "https://packagist.org/downloads/",
            "license": [
                "Apache2"
            ],
            "authors": [
                {
                    "name": "Johannes M. Schmitt",
                    "email": "schmittjoh@gmail.com"
                }
            ],
            "description": "Option Type for PHP",
            "keywords": [
                "language",
                "option",
                "php",
                "type"
            ],
            "time": "2015-07-25T16:39:46+00:00"
        },
        {
            "name": "psr/http-factory",
            "version": "1.0.1",
            "source": {
                "type": "git",
                "url": "https://github.com/php-fig/http-factory.git",
                "reference": "12ac7fcd07e5b077433f5f2bee95b3a771bf61be"
            },
            "dist": {
                "type": "zip",
                "url": "https://api.github.com/repos/php-fig/http-factory/zipball/12ac7fcd07e5b077433f5f2bee95b3a771bf61be",
                "reference": "12ac7fcd07e5b077433f5f2bee95b3a771bf61be",
                "shasum": ""
            },
            "require": {
                "php": ">=7.0.0",
                "psr/http-message": "^1.0"
            },
            "type": "library",
            "extra": {
                "branch-alias": {
                    "dev-master": "1.0.x-dev"
                }
            },
            "autoload": {
                "psr-4": {
                    "Psr\\Http\\Message\\": "src/"
                }
            },
            "notification-url": "https://packagist.org/downloads/",
            "license": [
                "MIT"
            ],
            "authors": [
                {
                    "name": "PHP-FIG",
                    "homepage": "http://www.php-fig.org/"
                }
            ],
            "description": "Common interfaces for PSR-7 HTTP message factories",
            "keywords": [
                "factory",
                "http",
                "message",
                "psr",
                "psr-17",
                "psr-7",
                "request",
                "response"
            ],
            "time": "2019-04-30T12:38:16+00:00"
        },
        {
            "name": "psr/http-message",
            "version": "1.0.1",
            "source": {
                "type": "git",
                "url": "https://github.com/php-fig/http-message.git",
                "reference": "f6561bf28d520154e4b0ec72be95418abe6d9363"
            },
            "dist": {
                "type": "zip",
                "url": "https://api.github.com/repos/php-fig/http-message/zipball/f6561bf28d520154e4b0ec72be95418abe6d9363",
                "reference": "f6561bf28d520154e4b0ec72be95418abe6d9363",
                "shasum": ""
            },
            "require": {
                "php": ">=5.3.0"
            },
            "type": "library",
            "extra": {
                "branch-alias": {
                    "dev-master": "1.0.x-dev"
                }
            },
            "autoload": {
                "psr-4": {
                    "Psr\\Http\\Message\\": "src/"
                }
            },
            "notification-url": "https://packagist.org/downloads/",
            "license": [
                "MIT"
            ],
            "authors": [
                {
                    "name": "PHP-FIG",
                    "homepage": "http://www.php-fig.org/"
                }
            ],
            "description": "Common interface for HTTP messages",
            "homepage": "https://github.com/php-fig/http-message",
            "keywords": [
                "http",
                "http-message",
                "psr",
                "psr-7",
                "request",
                "response"
            ],
            "time": "2016-08-06T14:39:51+00:00"
        },
        {
            "name": "sendgrid/php-http-client",
            "version": "3.9.6",
            "source": {
                "type": "git",
                "url": "https://github.com/sendgrid/php-http-client.git",
                "reference": "e9a04d949ee2d19938ab83dc100933a3b41a8ec7"
            },
            "dist": {
                "type": "zip",
                "url": "https://api.github.com/repos/sendgrid/php-http-client/zipball/e9a04d949ee2d19938ab83dc100933a3b41a8ec7",
                "reference": "e9a04d949ee2d19938ab83dc100933a3b41a8ec7",
                "shasum": ""
            },
            "require": {
                "php": ">=5.6"
            },
            "require-dev": {
                "phpunit/phpunit": "~4.4",
                "squizlabs/php_codesniffer": "~2.0"
            },
            "type": "library",
            "autoload": {
                "psr-4": {
                    "SendGrid\\": "lib/"
                }
            },
            "notification-url": "https://packagist.org/downloads/",
            "license": [
                "MIT"
            ],
            "authors": [
                {
                    "name": "Matt Bernier",
                    "email": "dx@sendgrid.com"
                },
                {
                    "name": "Elmer Thomas",
                    "email": "elmer@thinkingserious.com"
                }
            ],
            "description": "HTTP REST client, simplified for PHP",
            "homepage": "http://github.com/sendgrid/php-http-client",
            "keywords": [
                "api",
                "fluent",
                "http",
                "rest",
                "sendgrid"
            ],
            "time": "2018-04-10T18:06:08+00:00"
        },
        {
            "name": "sendgrid/sendgrid",
            "version": "7.3.0",
            "source": {
                "type": "git",
                "url": "https://github.com/sendgrid/sendgrid-php.git",
                "reference": "37fa19d3ae019842f07a2a43e92ed0f566ad927d"
            },
            "dist": {
                "type": "zip",
                "url": "https://api.github.com/repos/sendgrid/sendgrid-php/zipball/37fa19d3ae019842f07a2a43e92ed0f566ad927d",
                "reference": "37fa19d3ae019842f07a2a43e92ed0f566ad927d",
                "shasum": ""
            },
            "require": {
                "ext-curl": "*",
                "ext-json": "*",
                "ext-mbstring": "*",
                "ext-openssl": "*",
                "php": ">=5.6",
                "sendgrid/php-http-client": "~3.9"
            },
            "replace": {
                "sendgrid/sendgrid-php": "*"
            },
            "require-dev": {
                "phpunit/phpunit": "^5.7.9 || ^6.4.3",
                "squizlabs/php_codesniffer": "3.*",
                "swaggest/json-diff": "^3.4"
            },
            "type": "library",
            "autoload": {
                "psr-4": {
                    "SendGrid\\": "lib/",
                    "SendGrid\\Mail\\": "lib/mail/",
                    "SendGrid\\Contacts\\": "lib/contacts/",
                    "SendGrid\\Stats\\": "lib/stats/"
                },
                "files": [
                    "lib/SendGrid.php"
                ]
            },
            "notification-url": "https://packagist.org/downloads/",
            "license": [
                "MIT"
            ],
            "description": "This library allows you to quickly and easily send emails through Twilio SendGrid using PHP.",
            "homepage": "http://github.com/sendgrid/sendgrid-php",
            "keywords": [
                "email",
                "grid",
                "send",
                "sendgrid",
                "twilio sendgrid"
            ],
            "time": "2019-04-15T17:27:21+00:00"
        },
        {
            "name": "symfony/polyfill-ctype",
            "version": "v1.12.0",
            "source": {
                "type": "git",
                "url": "https://github.com/symfony/polyfill-ctype.git",
                "reference": "550ebaac289296ce228a706d0867afc34687e3f4"
            },
            "dist": {
                "type": "zip",
                "url": "https://api.github.com/repos/symfony/polyfill-ctype/zipball/550ebaac289296ce228a706d0867afc34687e3f4",
                "reference": "550ebaac289296ce228a706d0867afc34687e3f4",
                "shasum": ""
            },
            "require": {
                "php": ">=5.3.3"
            },
            "suggest": {
                "ext-ctype": "For best performance"
            },
            "type": "library",
            "extra": {
                "branch-alias": {
                    "dev-master": "1.12-dev"
                }
            },
            "autoload": {
                "psr-4": {
                    "Symfony\\Polyfill\\Ctype\\": ""
                },
                "files": [
                    "bootstrap.php"
                ]
            },
            "notification-url": "https://packagist.org/downloads/",
            "license": [
                "MIT"
            ],
            "authors": [
                {
                    "name": "Gert de Pagter",
                    "email": "BackEndTea@gmail.com"
                },
                {
                    "name": "Symfony Community",
                    "homepage": "https://symfony.com/contributors"
                }
            ],
            "description": "Symfony polyfill for ctype functions",
            "homepage": "https://symfony.com",
            "keywords": [
                "compatibility",
                "ctype",
                "polyfill",
                "portable"
            ],
            "time": "2019-08-06T08:03:45+00:00"
        },
        {
            "name": "vlucas/phpdotenv",
            "version": "v3.6.0",
            "source": {
                "type": "git",
                "url": "https://github.com/vlucas/phpdotenv.git",
                "reference": "1bdf24f065975594f6a117f0f1f6cabf1333b156"
            },
            "dist": {
                "type": "zip",
                "url": "https://api.github.com/repos/vlucas/phpdotenv/zipball/1bdf24f065975594f6a117f0f1f6cabf1333b156",
                "reference": "1bdf24f065975594f6a117f0f1f6cabf1333b156",
                "shasum": ""
            },
            "require": {
                "php": "^5.4 || ^7.0",
                "phpoption/phpoption": "^1.5",
                "symfony/polyfill-ctype": "^1.9"
            },
            "require-dev": {
                "phpunit/phpunit": "^4.8.35 || ^5.0 || ^6.0 || ^7.0"
            },
            "type": "library",
            "extra": {
                "branch-alias": {
                    "dev-master": "3.6-dev"
                }
            },
            "autoload": {
                "psr-4": {
                    "Dotenv\\": "src/"
                }
            },
            "notification-url": "https://packagist.org/downloads/",
            "license": [
                "BSD-3-Clause"
            ],
            "authors": [
                {
                    "name": "Graham Campbell",
                    "email": "graham@alt-three.com",
                    "homepage": "https://gjcampbell.co.uk/"
                },
                {
                    "name": "Vance Lucas",
                    "email": "vance@vancelucas.com",
                    "homepage": "https://vancelucas.com/"
                }
            ],
            "description": "Loads environment variables from `.env` to `getenv()`, `$_ENV` and `$_SERVER` automagically.",
            "keywords": [
                "dotenv",
                "env",
                "environment"
            ],
            "time": "2019-09-10T21:37:39+00:00"
        },
        {
            "name": "volnix/csrf",
            "version": "1.2.1",
            "source": {
                "type": "git",
                "url": "https://github.com/volnix/csrf.git",
                "reference": "9d1abbf3ce9bda1b34d7f8f70fa0871bb7a5dd6b"
            },
            "dist": {
                "type": "zip",
                "url": "https://api.github.com/repos/volnix/csrf/zipball/9d1abbf3ce9bda1b34d7f8f70fa0871bb7a5dd6b",
                "reference": "9d1abbf3ce9bda1b34d7f8f70fa0871bb7a5dd6b",
                "shasum": ""
            },
            "require": {
                "php": ">= 5.3"
            },
            "require-dev": {
                "phpunit/phpunit": "~3.7"
            },
            "type": "library",
            "autoload": {
                "psr-4": {
                    "Volnix\\CSRF\\": "src/"
                }
            },
            "notification-url": "https://packagist.org/downloads/",
            "license": [
                "MIT"
            ],
            "authors": [
                {
                    "name": "Nick Volgas",
                    "email": "nvolgas@ark.org"
                }
            ],
            "description": "CSRF protection library that compares provided token to session token to ensure request validity.",
            "homepage": "https://github.com/volnix/csrf",
            "time": "2017-09-19T13:24:13+00:00"
        },
        {
            "name": "webonyx/graphql-php",
            "version": "v0.13.8",
            "source": {
                "type": "git",
                "url": "https://github.com/webonyx/graphql-php.git",
                "reference": "6829ae58f4c59121df1f86915fb9917a2ec595e8"
            },
            "dist": {
                "type": "zip",
                "url": "https://api.github.com/repos/webonyx/graphql-php/zipball/6829ae58f4c59121df1f86915fb9917a2ec595e8",
                "reference": "6829ae58f4c59121df1f86915fb9917a2ec595e8",
                "shasum": ""
            },
            "require": {
                "ext-json": "*",
                "ext-mbstring": "*",
                "php": "^7.1||^8.0"
            },
            "require-dev": {
                "doctrine/coding-standard": "^6.0",
                "phpbench/phpbench": "^0.14.0",
                "phpstan/phpstan": "^0.11.4",
                "phpstan/phpstan-phpunit": "^0.11.0",
                "phpstan/phpstan-strict-rules": "^0.11.0",
                "phpunit/phpcov": "^5.0",
                "phpunit/phpunit": "^7.2",
                "psr/http-message": "^1.0",
                "react/promise": "2.*"
            },
            "suggest": {
                "psr/http-message": "To use standard GraphQL server",
                "react/promise": "To leverage async resolving on React PHP platform"
            },
            "type": "library",
            "autoload": {
                "psr-4": {
                    "GraphQL\\": "src/"
                }
            },
            "notification-url": "https://packagist.org/downloads/",
            "license": [
                "MIT"
            ],
            "description": "A PHP port of GraphQL reference implementation",
            "homepage": "https://github.com/webonyx/graphql-php",
            "keywords": [
                "api",
                "graphql"
            ],
            "time": "2019-08-25T10:32:47+00:00"
        },
        {
            "name": "zendframework/zend-diactoros",
            "version": "2.1.5",
            "source": {
                "type": "git",
                "url": "https://github.com/zendframework/zend-diactoros.git",
                "reference": "6dcf9e760a6b476f3e9d80abbc9ce9c4aa921f9c"
            },
            "dist": {
                "type": "zip",
                "url": "https://api.github.com/repos/zendframework/zend-diactoros/zipball/6dcf9e760a6b476f3e9d80abbc9ce9c4aa921f9c",
                "reference": "6dcf9e760a6b476f3e9d80abbc9ce9c4aa921f9c",
                "shasum": ""
            },
            "require": {
                "php": "^7.1",
                "psr/http-factory": "^1.0",
                "psr/http-message": "^1.0"
            },
            "provide": {
                "psr/http-factory-implementation": "1.0",
                "psr/http-message-implementation": "1.0"
            },
            "require-dev": {
                "ext-curl": "*",
                "ext-dom": "*",
                "ext-libxml": "*",
                "http-interop/http-factory-tests": "^0.5.0",
                "php-http/psr7-integration-tests": "dev-master",
                "phpunit/phpunit": "^7.0.2",
                "zendframework/zend-coding-standard": "~1.0.0"
            },
            "type": "library",
            "extra": {
                "branch-alias": {
                    "dev-master": "2.1.x-dev",
                    "dev-develop": "2.2.x-dev",
                    "dev-release-1.8": "1.8.x-dev"
                }
            },
            "autoload": {
                "files": [
                    "src/functions/create_uploaded_file.php",
                    "src/functions/marshal_headers_from_sapi.php",
                    "src/functions/marshal_method_from_sapi.php",
                    "src/functions/marshal_protocol_version_from_sapi.php",
                    "src/functions/marshal_uri_from_sapi.php",
                    "src/functions/normalize_server.php",
                    "src/functions/normalize_uploaded_files.php",
                    "src/functions/parse_cookie_header.php"
                ],
                "psr-4": {
                    "Zend\\Diactoros\\": "src/"
                }
            },
            "notification-url": "https://packagist.org/downloads/",
            "license": [
                "BSD-3-Clause"
            ],
            "description": "PSR HTTP Message implementations",
            "keywords": [
                "http",
                "psr",
                "psr-7"
            ],
            "time": "2019-10-10T17:38:20+00:00"
        }
    ],
    "packages-dev": [],
    "aliases": [],
    "minimum-stability": "stable",
    "stability-flags": [],
    "prefer-stable": false,
    "prefer-lowest": false,
    "platform": [],
    "platform-dev": []
}
